Microsoft Visual Studio Solution File, Format Version 12.00
# Visual Studio Version 17
VisualStudioVersion = 17.5.2.0
MinimumVisualStudioVersion = 10.0.40219.1
Project("{FAE04EC0-301F-11D3-BF4B-00C04F79EFBC}") = "VenkataAllocationManagementSystem", "VenkataAllocationManagementSystem.csproj", "{AF43A689-E03C-6B9A-EFF4-EC4EC6B6EFA3}"
EndProject
Global
	GlobalSection(SolutionConfigurationPlatforms) = preSolution
		Debug|Any CPU = Debug|Any CPU
		Release|Any CPU = Release|Any CPU
	EndGlobalSection
	GlobalSection(ProjectConfigurationPlatforms) = postSolution
		{AF43A689-E03C-6B9A-EFF4-EC4EC6B6EFA3}.Debug|Any CPU.ActiveCfg = Debug|Any CPU
		{AF43A689-E03C-6B9A-EFF4-EC4EC6B6EFA3}.Debug|Any CPU.Build.0 = Debug|Any CPU
		{AF43A689-E03C-6B9A-EFF4-EC4EC6B6EFA3}.Release|Any CPU.ActiveCfg = Release|Any CPU
		{AF43A689-E03C-6B9A-EFF4-EC4EC6B6EFA3}.Release|Any CPU.Build.0 = Release|Any CPU
	EndGlobalSection
	GlobalSection(SolutionProperties) = preSolution
		HideSolutionNode = FALSE
	EndGlobalSection
	GlobalSection(ExtensibilityGlobals) = postSolution
		SolutionGuid = {B18ED03F-1EC4-4F24-A1D9-C15D339B81E2}
	EndGlobalSection
EndGlobal
